# sha256 per approved pose, written by `spritekit approve`. CI fails if an approved pose
# changes without re-approval (docs/art/ART_PIPELINE.md).
"charamofu/adult/attack" = "sha256:ce5fb85e62719fdb234c9b9c6321bd650fe89a1598571d50b62d95b387b4926e"
"charamofu/adult/eat" = "sha256:a7e310ef9584c7c1ab1c4f6155322579bf27d659d6bef43058ad719f9cf6c305"
"charamofu/adult/happy" = "sha256:f77eb07c023dcb7ae909fa242ff5da8e6bfb4821f56aa25c5514b7143dfe9541"
"charamofu/adult/idle_a" = "sha256:75650d8cf21d60238ca2c4bc43ff1e49794503ee80348b83f453f7a05f825939"
"charamofu/adult/idle_b" = "sha256:a406920b7eb8228bcf440eb0960c6fd5cd18d7df88859305c8ccd0cd6472c8b9"
"charamofu/adult/sad" = "sha256:6aa182f3be818478dfa21b9497c660c73a31072ec053b28a0b610b3b9249eb25"
"charamofu/adult/sleep" = "sha256:1a90850d597b9061ce27fe4572d03972a3d756936d0e2dfd3015baa787190bd0"
"lalafu/adult/attack" = "sha256:f84d45ae46b486f577ef5706c8a1eb3f8aef80c92c63c81864343b83160e7cd7"
"lalafu/adult/eat" = "sha256:20d8319143ae59bfb5298eeba45ea2f54c54a654e16935ae2c07b5ab882acc34"
"lalafu/adult/happy" = "sha256:c585923fddd2024458a458c6e717b8245f1afc40613c1c8b8ff7464516940fb1"
"lalafu/adult/idle_a" = "sha256:c53408f7cc47828de38d4c397cbe9451bc3451930ea61a72a4733f6bca4bc890"
"lalafu/adult/idle_b" = "sha256:13f22a1882fea2ea11718c99dd6b29be057492ea749d21cd2c657eece2622ecf"
"lalafu/adult/sad" = "sha256:df29215c8bdc62bf357c355141f00a54a8b3da2568ff15a43b48612b6fe1e8fb"
"lalafu/adult/sleep" = "sha256:5c0cb05fbbbf2ed894ae4dcc8456d285c7edf4d35fe2c2f83816404d7752ed16"
"lalafu/baby/eat" = "sha256:b1e0f3637f65b01b9b2305107c3a1d8de3b0298d99ead2502467a6167fe0a49c"
"lalafu/baby/happy" = "sha256:758ff80115521116a123f33c3f00a43823f6c648622391e51ebcf69982401486"
"lalafu/baby/idle_a" = "sha256:1faec04666878edbb00f487846c550f5e8593c0ea16776479310fd7c3641ad18"
"lalafu/baby/idle_b" = "sha256:072881703d4980adc926789e83c4794abb022f78788930a0716700b2222be109"
"lalafu/baby/sad" = "sha256:d7b234be7af8907efe3554633a3a371d79260abe1b8c80191333016375a3bac8"
"lalafu/baby/sleep" = "sha256:512bf4ac49aff1be458e4a2d8a8a947d8d26114f81260de9ed0f59a1047d231b"
"ninjifu/adult/attack" = "sha256:3e728e5fa0dec39f1222d1e8f7ac006535f87eb9c9cad2baebec5fbf3ac51133"
"ninjifu/adult/eat" = "sha256:786fb22ea3fc21176acb9f00aced0283ed0a23c57dab77a54162b1d393763158"
"ninjifu/adult/happy" = "sha256:668031f3b6b84d228e9cb9e3f9ec146c0e4d017ceef73a90de29d98146a4a967"
"ninjifu/adult/idle_a" = "sha256:1905f956f4c326eaad409722c9a89cf4a8e2d069e4cdfdeaef1d0a29be63d1a1"
"ninjifu/adult/idle_b" = "sha256:aa1ac2b58361a3f1aa49ee7b42fe43e8e85faae85b21e1995cdb1c4d668048af"
"ninjifu/adult/sad" = "sha256:6d6e6bcf46495ea0feb3ef7c0b1fb931fc0404a957689840faa3cce36ddb2112"
"ninjifu/adult/sleep" = "sha256:5b2b7e65761ce9d34e9da0cf0f08b6e3960d5b7eb1553ba16625168c7ddbde04"
"ninjifu/child/attack" = "sha256:f553c59b38a1158499fcb16c3551ce1937c0968c0a2755727364694620172afe"
"ninjifu/child/eat" = "sha256:82103e3f2b9adf53edc867dabb377e3fba9da2714b99a08eec40d22ffe28b87e"
"ninjifu/child/happy" = "sha256:d132d3e2b5e75413bc2730be311328432aea217f6dd32064331d2c2eebfa925f"
"ninjifu/child/idle_a" = "sha256:5de7f6730abb94643fd83dfa2bb378e9513768f6b3d7eb25a6a2e7964df8c536"
"ninjifu/child/idle_b" = "sha256:0df9982fd0c3d1227abb220d820a1416728b22caf79bc1da38eb00ffe1a794ff"
"ninjifu/child/sad" = "sha256:8224166ee84092296d5775eb9aa4437623af2641fae6611e4f6b047e670867dd"
"ninjifu/child/sleep" = "sha256:76bd5d2ff22812c7626f04ed29d28858394e2a70f750ed6d2b02487167b15b48"
