# sha256 per approved pose, written by `spritekit approve`. CI fails if an approved pose
# changes without re-approval (docs/art/ART_PIPELINE.md).
"lalafu/adult/eat" = "sha256:ef84ba50565b2270a2b967a7c30fbd10cd5f2a125f61b3277751897467468544"
"lalafu/adult/happy" = "sha256:782befd4f95b4879b9b57ed088afd432a507d9da2cb4b7975badebcae1941361"
"lalafu/adult/idle_a" = "sha256:235a606ee0ebf8631bb3f6f7942c89faa378c721713c718dcceef4f3803a5b98"
"lalafu/adult/idle_b" = "sha256:b8090888664a40a7916b9afdae21eeebdacf933f6dd8d1104ee506fc364faf64"
"lalafu/adult/sad" = "sha256:1b8315edb7f2070aa44112c28f887807bee27b400e99bd33d5f2bf6be7265912"
"lalafu/adult/sleep" = "sha256:751e5e15e263aef39e74637b38163e78f2c52e624ada545683f871474ed34c72"
"lalafu/adult_alt/eat" = "sha256:e487481827514eab619b3ea1ee2bf09735278e06bd8a689cc51cadbfea53976a"
"lalafu/adult_alt/happy" = "sha256:1ce8c0be65a842d3f6e988c3d43cde0443ba0da24ef4b77db56d1f522669d4ad"
"lalafu/adult_alt/idle_a" = "sha256:b1bc7587c79d1d9ddf12f49437c9a7500ee500e6f10c69cad65a5917a8f57820"
"lalafu/adult_alt/idle_b" = "sha256:14e0eed77ea9a52f5425d047a8c62719f8920279fe650d338c9f27a308cac87e"
"lalafu/adult_alt/sad" = "sha256:3c8791ec1d109cd44f8e8107cd28f1f7e80c4eb6e08ad93c38b2baadab4ece55"
"lalafu/adult_alt/sleep" = "sha256:9f43ed3473c3c91e2882d5559a1bd01bf27b0bfdb373acfe54ad3c96ecbb5c18"
"lalafu/baby/eat" = "sha256:9bca591b32828a7f3994138d62a424485be8a9a473b9a242ed7997e4a437103a"
"lalafu/baby/happy" = "sha256:af991fdbb774f5b743e9495c5dad359a9e68bc35212332d1817c4cb85e5cf7a9"
"lalafu/baby/idle_a" = "sha256:6987e74252024d2589787ed31281cfd3b2a19a5d9374fcac5a715cdba5c1ae45"
"lalafu/baby/idle_b" = "sha256:c69f554a52bd2ba65311bdf10b6552b7e8144a9e600fc9ad0aabef2f1ee6fb54"
"lalafu/baby/sad" = "sha256:bc7620f25b083cce0477466a3dcf0df4ea8a231da12404e7394f85d7ad26f361"
"lalafu/baby/sleep" = "sha256:1689988339de581c71ba5ea7124dd712b008410fe5a65392e38f29b65f1f71f5"
"lalafu/child/eat" = "sha256:2d06995f8e2d46bc183b780668a72ad662710803a864882cd87087cc1f52d4ea"
"lalafu/child/happy" = "sha256:8e763e87e1b01cd246155d56acf7b3a8fde00b19847e398010ace1187d4df9ee"
"lalafu/child/idle_a" = "sha256:9afecc8298d5f80d2701639ecc154189eba5115136ac20745ac2256db2498edf"
"lalafu/child/idle_b" = "sha256:0f29bd757d1693d9be06cc0ffc77f1065feea90734034d7b4be0ac4175ebd80c"
"lalafu/child/sad" = "sha256:17fcbe335480fba0b3b1dd9a46011e0a9111fd9d4d3b44dce8be2fec8347075c"
"lalafu/child/sleep" = "sha256:04ee4635f0934349c8ce548b75e4810637accf34415221b04c132e9d50bda219"
